
Microsoft Visual Studio Solution File, Format Version 12.00
# Visual Studio 15
VisualStudioVersion = 15.0.27428.2002
MinimumVisualStudioVersion = 10.0.40219.1
Project("{FAE04EC0-301F-11D3-BF4B-00C04F79EFBC}") = "DuhnieLogo.Cli", "DuhnieLogo\DuhnieLogo.Cli.csproj", "{CC19F661-FD84-4E4C-A1CF-BB45AC36F062}"
EndProject
Project("{FAE04EC0-301F-11D3-BF4B-00C04F79EFBC}") = "DuhnieLogo.Core", "DuhnieLogo.Core\DuhnieLogo.Core.csproj", "{4DDF9DE9-F131-44F5-BA5F-2CB07D29F3A7}"
EndProject
Project("{FAE04EC0-301F-11D3-BF4B-00C04F79EFBC}") = "DuhnieLogo.UI", "DuhnieLogo.UI\DuhnieLogo.UI.csproj", "{BA03C0BD-A6AC-4D80-A195-040634E47DDA}"
EndProject
Global
	GlobalSection(SolutionConfigurationPlatforms) = preSolution
		Debug|Any CPU = Debug|Any CPU
		Release|Any CPU = Release|Any CPU
	EndGlobalSection
	GlobalSection(ProjectConfigurationPlatforms) = postSolution
		{CC19F661-FD84-4E4C-A1CF-BB45AC36F062}.Debug|Any CPU.ActiveCfg = Debug|Any CPU
		{CC19F661-FD84-4E4C-A1CF-BB45AC36F062}.Debug|Any CPU.Build.0 = Debug|Any CPU
		{CC19F661-FD84-4E4C-A1CF-BB45AC36F062}.Release|Any CPU.ActiveCfg = Release|Any CPU
		{CC19F661-FD84-4E4C-A1CF-BB45AC36F062}.Release|Any CPU.Build.0 = Release|Any CPU
		{4DDF9DE9-F131-44F5-BA5F-2CB07D29F3A7}.Debug|Any CPU.ActiveCfg = Debug|Any CPU
		{4DDF9DE9-F131-44F5-BA5F-2CB07D29F3A7}.Debug|Any CPU.Build.0 = Debug|Any CPU
		{4DDF9DE9-F131-44F5-BA5F-2CB07D29F3A7}.Release|Any CPU.ActiveCfg = Release|Any CPU
		{4DDF9DE9-F131-44F5-BA5F-2CB07D29F3A7}.Release|Any CPU.Build.0 = Release|Any CPU
		{BA03C0BD-A6AC-4D80-A195-040634E47DDA}.Debug|Any CPU.ActiveCfg = Debug|Any CPU
		{BA03C0BD-A6AC-4D80-A195-040634E47DDA}.Debug|Any CPU.Build.0 = Debug|Any CPU
		{BA03C0BD-A6AC-4D80-A195-040634E47DDA}.Release|Any CPU.ActiveCfg = Release|Any CPU
		{BA03C0BD-A6AC-4D80-A195-040634E47DDA}.Release|Any CPU.Build.0 = Release|Any CPU
	EndGlobalSection
	GlobalSection(SolutionProperties) = preSolution
		HideSolutionNode = FALSE
	EndGlobalSection
	GlobalSection(ExtensibilityGlobals) = postSolution
		SolutionGuid = {D378D07E-426C-46B5-BC00-3B674ABB6E54}
	EndGlobalSection
EndGlobal
